
Microsoft Visual Studio Solution File, Format Version 12.00
# Visual Studio Version 16
VisualStudioVersion = 16.0.28729.10
MinimumVisualStudioVersion = 10.0.40219.1
Project("{FAE04EC0-301F-11D3-BF4B-00C04F79EFBC}") = "ImageAbridged", "ImageAbridged\ImageAbridged.csproj", "{6092933B-4599-403F-8B18-3607248327EE}"
EndProject
Global
	GlobalSection(SolutionConfigurationPlatforms) = preSolution
		Debug|Any CPU = Debug|Any CPU
		Release|Any CPU = Release|Any CPU
	EndGlobalSection
	GlobalSection(ProjectConfigurationPlatforms) = postSolution
		{6092933B-4599-403F-8B18-3607248327EE}.Debug|Any CPU.ActiveCfg = Debug|Any CPU
		{6092933B-4599-403F-8B18-3607248327EE}.Debug|Any CPU.Build.0 = Debug|Any CPU
		{6092933B-4599-403F-8B18-3607248327EE}.Release|Any CPU.ActiveCfg = Release|Any CPU
		{6092933B-4599-403F-8B18-3607248327EE}.Release|Any CPU.Build.0 = Release|Any CPU
	EndGlobalSection
	GlobalSection(SolutionProperties) = preSolution
		HideSolutionNode = FALSE
	EndGlobalSection
	GlobalSection(ExtensibilityGlobals) = postSolution
		SolutionGuid = {B03709BF-AC1E-49DC-A5A5-5FF2D880B897}
	EndGlobalSection
EndGlobal
